
Microsoft Visual Studio Solution File, Format Version 12.00
# Visual Studio Version 16
VisualStudioVersion = 16.0.30709.64
MinimumVisualStudioVersion = 10.0.40219.1
Project("{FAE04EC0-301F-11D3-BF4B-00C04F79EFBC}") = "RoyalCode.Messaging.Abstactions", "RoyalCode.Messaging.Abstactions\RoyalCode.Messaging.Abstactions.csproj", "{BE1EAD0F-6E3E-4F11-A719-6738725811F8}"
EndProject
Global
	GlobalSection(SolutionConfigurationPlatforms) = preSolution
		Debug|Any CPU = Debug|Any CPU
		Release|Any CPU = Release|Any CPU
	EndGlobalSection
	GlobalSection(ProjectConfigurationPlatforms) = postSolution
		{BE1EAD0F-6E3E-4F11-A719-6738725811F8}.Debug|Any CPU.ActiveCfg = Debug|Any CPU
		{BE1EAD0F-6E3E-4F11-A719-6738725811F8}.Debug|Any CPU.Build.0 = Debug|Any CPU
		{BE1EAD0F-6E3E-4F11-A719-6738725811F8}.Release|Any CPU.ActiveCfg = Release|Any CPU
		{BE1EAD0F-6E3E-4F11-A719-6738725811F8}.Release|Any CPU.Build.0 = Release|Any CPU
	EndGlobalSection
	GlobalSection(SolutionProperties) = preSolution
		HideSolutionNode = FALSE
	EndGlobalSection
	GlobalSection(ExtensibilityGlobals) = postSolution
		SolutionGuid = {9036A3F7-6E12-400A-90C3-4FC496A89C3C}
	EndGlobalSection
EndGlobal
